
Microsoft Visual Studio Solution File, Format Version 12.00
# Visual Studio 15
VisualStudioVersion = 15.0.28307.902
MinimumVisualStudioVersion = 10.0.40219.1
Project("{FAE04EC0-301F-11D3-BF4B-00C04F79EFBC}") = "ModuloFacturacion", "ModuloFacturacion\ModuloFacturacion.csproj", "{16548596-2496-45F3-95AA-98D87732A621}"
EndProject
Project("{FAE04EC0-301F-11D3-BF4B-00C04F79EFBC}") = "ModuloFacturacion.Tests", "ModuloFacturacion.Tests\ModuloFacturacion.Tests.csproj", "{1FF0DAB6-C215-4C10-9D2C-3B93C4AD50C9}"
EndProject
Project("{FAE04EC0-301F-11D3-BF4B-00C04F79EFBC}") = "Domain", "Domain\Domain.csproj", "{39E38FDD-3E55-4616-9DA4-823D35C273A8}"
EndProject
Project("{FAE04EC0-301F-11D3-BF4B-00C04F79EFBC}") = "Framework", "Framework\Framework.csproj", "{266BF4CF-79BC-4520-B97F-EF3EC8B475EE}"
EndProject
Global
	GlobalSection(SolutionConfigurationPlatforms) = preSolution
		Debug|Any CPU = Debug|Any CPU
		Release|Any CPU = Release|Any CPU
	EndGlobalSection
	GlobalSection(ProjectConfigurationPlatforms) = postSolution
		{16548596-2496-45F3-95AA-98D87732A621}.Debug|Any CPU.ActiveCfg = Debug|Any CPU
		{16548596-2496-45F3-95AA-98D87732A621}.Debug|Any CPU.Build.0 = Debug|Any CPU
		{16548596-2496-45F3-95AA-98D87732A621}.Release|Any CPU.ActiveCfg = Release|Any CPU
		{16548596-2496-45F3-95AA-98D87732A621}.Release|Any CPU.Build.0 = Release|Any CPU
		{1FF0DAB6-C215-4C10-9D2C-3B93C4AD50C9}.Debug|Any CPU.ActiveCfg = Debug|Any CPU
		{1FF0DAB6-C215-4C10-9D2C-3B93C4AD50C9}.Debug|Any CPU.Build.0 = Debug|Any CPU
		{1FF0DAB6-C215-4C10-9D2C-3B93C4AD50C9}.Release|Any CPU.ActiveCfg = Release|Any CPU
		{1FF0DAB6-C215-4C10-9D2C-3B93C4AD50C9}.Release|Any CPU.Build.0 = Release|Any CPU
		{39E38FDD-3E55-4616-9DA4-823D35C273A8}.Debug|Any CPU.ActiveCfg = Debug|Any CPU
		{39E38FDD-3E55-4616-9DA4-823D35C273A8}.Debug|Any CPU.Build.0 = Debug|Any CPU
		{39E38FDD-3E55-4616-9DA4-823D35C273A8}.Release|Any CPU.ActiveCfg = Release|Any CPU
		{39E38FDD-3E55-4616-9DA4-823D35C273A8}.Release|Any CPU.Build.0 = Release|Any CPU
		{266BF4CF-79BC-4520-B97F-EF3EC8B475EE}.Debug|Any CPU.ActiveCfg = Debug|Any CPU
		{266BF4CF-79BC-4520-B97F-EF3EC8B475EE}.Debug|Any CPU.Build.0 = Debug|Any CPU
		{266BF4CF-79BC-4520-B97F-EF3EC8B475EE}.Release|Any CPU.ActiveCfg = Release|Any CPU
		{266BF4CF-79BC-4520-B97F-EF3EC8B475EE}.Release|Any CPU.Build.0 = Release|Any CPU
	EndGlobalSection
	GlobalSection(SolutionProperties) = preSolution
		HideSolutionNode = FALSE
	EndGlobalSection
	GlobalSection(ExtensibilityGlobals) = postSolution
		SolutionGuid = {6F8D98D1-F9B4-4236-8109-F980700EE9F9}
	EndGlobalSection
EndGlobal
